
Microsoft Visual Studio Solution File, Format Version 12.00
# Visual Studio Version 17
VisualStudioVersion = 17.12.35527.113 d17.12
MinimumVisualStudioVersion = 10.0.40219.1
Project("{FAE04EC0-301F-11D3-BF4B-00C04F79EFBC}") = "LI4", "LI4\LI4.csproj", "{02365157-92BC-4996-95EA-6E099C8B692D}"
EndProject
Project("{FAE04EC0-301F-11D3-BF4B-00C04F79EFBC}") = "LI4.Client", "LI4.Client\LI4.Client.csproj", "{1925C8FA-393E-4193-8678-FC8C87959F7C}"
EndProject
Global
	GlobalSection(SolutionConfigurationPlatforms) = preSolution
		Debug|Any CPU = Debug|Any CPU
		Release|Any CPU = Release|Any CPU
	EndGlobalSection
	GlobalSection(ProjectConfigurationPlatforms) = postSolution
		{02365157-92BC-4996-95EA-6E099C8B692D}.Debug|Any CPU.ActiveCfg = Debug|Any CPU
		{02365157-92BC-4996-95EA-6E099C8B692D}.Debug|Any CPU.Build.0 = Debug|Any CPU
		{02365157-92BC-4996-95EA-6E099C8B692D}.Release|Any CPU.ActiveCfg = Release|Any CPU
		{02365157-92BC-4996-95EA-6E099C8B692D}.Release|Any CPU.Build.0 = Release|Any CPU
		{1925C8FA-393E-4193-8678-FC8C87959F7C}.Debug|Any CPU.ActiveCfg = Debug|Any CPU
		{1925C8FA-393E-4193-8678-FC8C87959F7C}.Debug|Any CPU.Build.0 = Debug|Any CPU
		{1925C8FA-393E-4193-8678-FC8C87959F7C}.Release|Any CPU.ActiveCfg = Release|Any CPU
		{1925C8FA-393E-4193-8678-FC8C87959F7C}.Release|Any CPU.Build.0 = Release|Any CPU
	EndGlobalSection
	GlobalSection(SolutionProperties) = preSolution
		HideSolutionNode = FALSE
	EndGlobalSection
EndGlobal
